github.com/go-resty/resty/v2 v2.16.5 h1:hBKqmWrr7uRc3euHVqmh1HTHcKn99Smr7o5spptdhTM=
github.com/go-resty/resty/v2 v2.16.5/go.mod h1:hkJtXbA2iKHzJheXYvQ8snQES5ZLGKMwQ07xAwp/fiA=
github.com/urfave/cli/v3 v3.3.8 h1:BzolUExliMdet9NlJ/u4m5vHSotJ3PzEqSAZ1oPMa/E=
github.com/urfave/cli/v3 v3.3.8/go.mod h1:FJSKtM/9AiiTOJL4fJ6TbMUkxBXn7GO9guZqoZtpYpo=
github.com/wayan/mergeexp v0.2.0 h1:1/vIp/nCpxxD1UWzXLeO5F3+DwRov6ccF2XyoHQ9b6U=
github.com/wayan/mergeexp v0.2.0/go.mod h1:lqTZnnqR8fTfC22t3uIL6wmcn4O95+JwA541StUr7RE=
golang.org/x/net v0.33.0 h1:74SYHlV8BIgHIFC/LrYkOGIwL19eTYXQ5wc6TBuO36I=
golang.org/x/net v0.33.0/go.mod h1:HXLR5J+9DxmrqMwG9qjGCxZ+zKXxBru04zlTvWlWuN4=
